
Microsoft Visual Studio Solution File, Format Version 12.00
# Visual Studio Version 17
VisualStudioVersion = 17.3.32825.248
MinimumVisualStudioVersion = 10.0.40219.1
Project("{2150E333-8FDC-42A3-9474-1A3956D46DE8}") = "Core", "Core", "{E2B09A8F-EB1E-4E30-AFB6-48E5129319C4}"
EndProject
Project("{2150E333-8FDC-42A3-9474-1A3956D46DE8}") = "Host", "Host", "{32A961E8-F4AE-4F0F-AE30-B14C5F295931}"
EndProject
Project("{2150E333-8FDC-42A3-9474-1A3956D46DE8}") = "DataSource", "DataSource", "{BAAB73D2-F63B-49DE-8FB3-3FAD31318519}"
EndProject
Project("{9A19103F-16F7-4668-BE54-9A1E7A4F7556}") = "Exam.SqlServer", "Exam.SqlServer\Exam.SqlServer.csproj", "{D7D927F1-57F9-489B-BE51-95230999867E}"
EndProject
Project("{2150E333-8FDC-42A3-9474-1A3956D46DE8}") = "Models", "Models", "{D527B622-1862-48D3-B5EE-58354FADA991}"
EndProject
Project("{9A19103F-16F7-4668-BE54-9A1E7A4F7556}") = "Exam.Model", "Exam.Model\Exam.Model.csproj", "{5C93E353-ACD8-45E4-8F86-69F0A8CD8F0B}"
EndProject
Project("{2150E333-8FDC-42A3-9474-1A3956D46DE8}") = "Infrastructure", "Infrastructure", "{08B51BD1-8A83-4D5B-916D-DADF45E2EB62}"
EndProject
Project("{9A19103F-16F7-4668-BE54-9A1E7A4F7556}") = "Exam.Infrastructure", "Exam.Infrastructure\Exam.Infrastructure.csproj", "{11D09318-4E52-4FAD-8229-29EF74568A7A}"
EndProject
Project("{2150E333-8FDC-42A3-9474-1A3956D46DE8}") = "ExamOperations", "ExamOperations", "{1D200F84-8DD5-4771-871A-CC45D7DB238F}"
EndProject
Project("{9A19103F-16F7-4668-BE54-9A1E7A4F7556}") = "Exam.Services", "Exam.Services\Exam.Services.csproj", "{723993D5-3F53-41DF-ADD5-35215A2BA399}"
EndProject
Project("{9A19103F-16F7-4668-BE54-9A1E7A4F7556}") = "Exam.WebApp", "Exam.WebApp\Exam.WebApp.csproj", "{4F8D3572-3053-4CF1-82E0-7B13D779BE83}"
EndProject
Project("{2150E333-8FDC-42A3-9474-1A3956D46DE8}") = "Constants", "Constants", "{F1C67E95-E642-4216-8C53-87C880F725A6}"
EndProject
Project("{FAE04EC0-301F-11D3-BF4B-00C04F79EFBC}") = "Exam.Contants", "Exam.Contants\Exam.Contants.csproj", "{C1AE84DC-965A-41F2-A867-AFF42EBEAF61}"
EndProject
Global
	GlobalSection(SolutionConfigurationPlatforms) = preSolution
		Debug|Any CPU = Debug|Any CPU
		Release|Any CPU = Release|Any CPU
	EndGlobalSection
	GlobalSection(ProjectConfigurationPlatforms) = postSolution
		{D7D927F1-57F9-489B-BE51-95230999867E}.Debug|Any CPU.ActiveCfg = Debug|Any CPU
		{D7D927F1-57F9-489B-BE51-95230999867E}.Debug|Any CPU.Build.0 = Debug|Any CPU
		{D7D927F1-57F9-489B-BE51-95230999867E}.Release|Any CPU.ActiveCfg = Release|Any CPU
		{D7D927F1-57F9-489B-BE51-95230999867E}.Release|Any CPU.Build.0 = Release|Any CPU
		{5C93E353-ACD8-45E4-8F86-69F0A8CD8F0B}.Debug|Any CPU.ActiveCfg = Debug|Any CPU
		{5C93E353-ACD8-45E4-8F86-69F0A8CD8F0B}.Debug|Any CPU.Build.0 = Debug|Any CPU
		{5C93E353-ACD8-45E4-8F86-69F0A8CD8F0B}.Release|Any CPU.ActiveCfg = Release|Any CPU
		{5C93E353-ACD8-45E4-8F86-69F0A8CD8F0B}.Release|Any CPU.Build.0 = Release|Any CPU
		{11D09318-4E52-4FAD-8229-29EF74568A7A}.Debug|Any CPU.ActiveCfg = Debug|Any CPU
		{11D09318-4E52-4FAD-8229-29EF74568A7A}.Debug|Any CPU.Build.0 = Debug|Any CPU
		{11D09318-4E52-4FAD-8229-29EF74568A7A}.Release|Any CPU.ActiveCfg = Release|Any CPU
		{11D09318-4E52-4FAD-8229-29EF74568A7A}.Release|Any CPU.Build.0 = Release|Any CPU
		{723993D5-3F53-41DF-ADD5-35215A2BA399}.Debug|Any CPU.ActiveCfg = Debug|Any CPU
		{723993D5-3F53-41DF-ADD5-35215A2BA399}.Debug|Any CPU.Build.0 = Debug|Any CPU
		{723993D5-3F53-41DF-ADD5-35215A2BA399}.Release|Any CPU.ActiveCfg = Release|Any CPU
		{723993D5-3F53-41DF-ADD5-35215A2BA399}.Release|Any CPU.Build.0 = Release|Any CPU
		{4F8D3572-3053-4CF1-82E0-7B13D779BE83}.Debug|Any CPU.ActiveCfg = Debug|Any CPU
		{4F8D3572-3053-4CF1-82E0-7B13D779BE83}.Debug|Any CPU.Build.0 = Debug|Any CPU
		{4F8D3572-3053-4CF1-82E0-7B13D779BE83}.Release|Any CPU.ActiveCfg = Release|Any CPU
		{4F8D3572-3053-4CF1-82E0-7B13D779BE83}.Release|Any CPU.Build.0 = Release|Any CPU
		{C1AE84DC-965A-41F2-A867-AFF42EBEAF61}.Debug|Any CPU.ActiveCfg = Debug|Any CPU
		{C1AE84DC-965A-41F2-A867-AFF42EBEAF61}.Debug|Any CPU.Build.0 = Debug|Any CPU
		{C1AE84DC-965A-41F2-A867-AFF42EBEAF61}.Release|Any CPU.ActiveCfg = Release|Any CPU
		{C1AE84DC-965A-41F2-A867-AFF42EBEAF61}.Release|Any CPU.Build.0 = Release|Any CPU
	EndGlobalSection
	GlobalSection(SolutionProperties) = preSolution
		HideSolutionNode = FALSE
	EndGlobalSection
	GlobalSection(NestedProjects) = preSolution
		{D7D927F1-57F9-489B-BE51-95230999867E} = {BAAB73D2-F63B-49DE-8FB3-3FAD31318519}
		{D527B622-1862-48D3-B5EE-58354FADA991} = {E2B09A8F-EB1E-4E30-AFB6-48E5129319C4}
		{5C93E353-ACD8-45E4-8F86-69F0A8CD8F0B} = {D527B622-1862-48D3-B5EE-58354FADA991}
		{08B51BD1-8A83-4D5B-916D-DADF45E2EB62} = {E2B09A8F-EB1E-4E30-AFB6-48E5129319C4}
		{11D09318-4E52-4FAD-8229-29EF74568A7A} = {08B51BD1-8A83-4D5B-916D-DADF45E2EB62}
		{1D200F84-8DD5-4771-871A-CC45D7DB238F} = {E2B09A8F-EB1E-4E30-AFB6-48E5129319C4}
		{723993D5-3F53-41DF-ADD5-35215A2BA399} = {1D200F84-8DD5-4771-871A-CC45D7DB238F}
		{4F8D3572-3053-4CF1-82E0-7B13D779BE83} = {32A961E8-F4AE-4F0F-AE30-B14C5F295931}
		{F1C67E95-E642-4216-8C53-87C880F725A6} = {E2B09A8F-EB1E-4E30-AFB6-48E5129319C4}
		{C1AE84DC-965A-41F2-A867-AFF42EBEAF61} = {F1C67E95-E642-4216-8C53-87C880F725A6}
	EndGlobalSection
	GlobalSection(ExtensibilityGlobals) = postSolution
		SolutionGuid = {BE75BAD7-A6E0-4AAE-AEAF-FB64B09946F6}
	EndGlobalSection
EndGlobal
